{
  "lockfile_version": "1",
  "packages": {
    "just@latest": {
      "last_modified": "2024-08-14T11:41:26Z",
      "resolved": "github:NixOS/nixpkgs/0cb2fd7c59fed0cd82ef858cbcbdb552b9a33465#just",
      "source": "devbox-search",
      "version": "1.34.0",
      "systems": {
        "aarch64-darwin": {
          "outputs": [
            {
              "name": "out",
              "path": "/nix/store/08vygg3xd2aqm83xh59831nv1jb9zwbn-just-1.34.0",
              "default": true
            },
            {
              "name": "man",
              "path": "/nix/store/c27cnsl7g7r3i4x29ghkb7hsg19kf2ra-just-1.34.0-man",
              "default": true
            },
            {
              "name": "doc",
              "path": "/nix/store/p192pn3sg4y6mvgsnfa5ppzza4dlnjvn-just-1.34.0-doc"
            }
          ],
          "store_path": "/nix/store/08vygg3xd2aqm83xh59831nv1jb9zwbn-just-1.34.0"
        },
        "aarch64-linux": {
          "outputs": [
            {
              "name": "out",
              "path": "/nix/store/4fdb8xib0m355wnalhndc4dpmxn07n6a-just-1.34.0",
              "default": true
            },
            {
              "name": "man",
              "path": "/nix/store/2ibb6n5zdglr9ad7dyzlihzlxg5ddzz9-just-1.34.0-man",
              "default": true
            },
            {
              "name": "doc",
              "path": "/nix/store/frwjg7x7x45b61988i4sfkpxgd6shvkl-just-1.34.0-doc"
            }
          ],
          "store_path": "/nix/store/4fdb8xib0m355wnalhndc4dpmxn07n6a-just-1.34.0"
        },
        "x86_64-darwin": {
          "outputs": [
            {
              "name": "out",
              "path": "/nix/store/fwdbjv9kwg1f7ilqqn9g3x65s3d8fpkd-just-1.34.0",
              "default": true
            },
            {
              "name": "man",
              "path": "/nix/store/9q42flcw5d5b02k12ihq8pky8a4mg06m-just-1.34.0-man",
              "default": true
            },
            {
              "name": "doc",
              "path": "/nix/store/mvvg8lw83pbmyp04wkwwpdar6xk9zqxh-just-1.34.0-doc"
            }
          ],
          "store_path": "/nix/store/fwdbjv9kwg1f7ilqqn9g3x65s3d8fpkd-just-1.34.0"
        },
        "x86_64-linux": {
          "outputs": [
            {
              "name": "out",
              "path": "/nix/store/7p3n0svlfnhc29qxv5j20mv2npmiaddm-just-1.34.0",
              "default": true
            },
            {
              "name": "man",
              "path": "/nix/store/mygqaq1rra2bq17p6r2jv1ziqsrk3vc1-just-1.34.0-man",
              "default": true
            },
            {
              "name": "doc",
              "path": "/nix/store/1md2lkndziz9qqvg20xm922jhj7sxlld-just-1.34.0-doc"
            }
          ],
          "store_path": "/nix/store/7p3n0svlfnhc29qxv5j20mv2npmiaddm-just-1.34.0"
        }
      }
    },
    "nodejs@latest": {
      "last_modified": "2024-08-14T11:41:26Z",
      "plugin_version": "0.0.2",
      "resolved": "github:NixOS/nixpkgs/0cb2fd7c59fed0cd82ef858cbcbdb552b9a33465#nodejs_22",
      "source": "devbox-search",
      "version": "22.5.1",
      "systems": {
        "aarch64-darwin": {
          "outputs": [
            {
              "name": "out",
              "path": "/nix/store/vbbk37g24vayjad0jzi7jyf92rbadz7l-nodejs-22.5.1",
              "default": true
            },
            {
              "name": "libv8",
              "path": "/nix/store/yz4k4kg5spvnr5hfl0zam0180qmi82nk-nodejs-22.5.1-libv8"
            }
          ],
          "store_path": "/nix/store/vbbk37g24vayjad0jzi7jyf92rbadz7l-nodejs-22.5.1"
        },
        "aarch64-linux": {
          "outputs": [
            {
              "name": "out",
              "path": "/nix/store/85ngdpilv2mdhb8b5fmqzrbnkhin7jwn-nodejs-22.5.1",
              "default": true
            },
            {
              "name": "libv8",
              "path": "/nix/store/12a20901b329n3zj9b1a0c5swcm37yvy-nodejs-22.5.1-libv8"
            }
          ],
          "store_path": "/nix/store/85ngdpilv2mdhb8b5fmqzrbnkhin7jwn-nodejs-22.5.1"
        },
        "x86_64-darwin": {
          "outputs": [
            {
              "name": "out",
              "path": "/nix/store/nzjjzxmab6ph0s4dprqw1b6v9piancsi-nodejs-22.5.1",
              "default": true
            },
            {
              "name": "libv8",
              "path": "/nix/store/xnxcqr676ffb62gkz3nwh4zyiarla7hi-nodejs-22.5.1-libv8"
            }
          ],
          "store_path": "/nix/store/nzjjzxmab6ph0s4dprqw1b6v9piancsi-nodejs-22.5.1"
        },
        "x86_64-linux": {
          "outputs": [
            {
              "name": "out",
              "path": "/nix/store/kxy4210mqs50ribr9dj2y6r03mbmjifj-nodejs-22.5.1",
              "default": true
            },
            {
              "name": "libv8",
              "path": "/nix/store/ii07lzp5c0h21g1cm681bimak86np677-nodejs-22.5.1-libv8"
            }
          ],
          "store_path": "/nix/store/kxy4210mqs50ribr9dj2y6r03mbmjifj-nodejs-22.5.1"
        }
      }
    },
    "pack@0.34.2": {
      "last_modified": "2024-07-20T09:11:00Z",
      "resolved": "github:NixOS/nixpkgs/6e14bbce7bea6c4efd7adfa88a40dac750d80100#pack",
      "source": "devbox-search",
      "version": "0.34.2",
      "systems": {
        "aarch64-darwin": {
          "outputs": [
            {
              "name": "out",
              "path": "/nix/store/6camxwvd1g4z9ci2kgfp457gs2vc14wh-pack-0.34.2",
              "default": true
            }
          ],
          "store_path": "/nix/store/6camxwvd1g4z9ci2kgfp457gs2vc14wh-pack-0.34.2"
        },
        "aarch64-linux": {
          "outputs": [
            {
              "name": "out",
              "path": "/nix/store/fn6n5w5ya9xl923ff9d1j785xhshqfx0-pack-0.34.2",
              "default": true
            }
          ],
          "store_path": "/nix/store/fn6n5w5ya9xl923ff9d1j785xhshqfx0-pack-0.34.2"
        },
        "x86_64-darwin": {
          "outputs": [
            {
              "name": "out",
              "path": "/nix/store/0nhdmbby2yg6pkhpyh523d5dhvfk0aq0-pack-0.34.2",
              "default": true
            }
          ],
          "store_path": "/nix/store/0nhdmbby2yg6pkhpyh523d5dhvfk0aq0-pack-0.34.2"
        },
        "x86_64-linux": {
          "outputs": [
            {
              "name": "out",
              "path": "/nix/store/f60jqkxh1w9yi3wq4wn9prr0pjiijqzv-pack-0.34.2",
              "default": true
            }
          ],
          "store_path": "/nix/store/f60jqkxh1w9yi3wq4wn9prr0pjiijqzv-pack-0.34.2"
        }
      }
    }
  }
}
